// !$*UTF8*$!
{
	archiveVersion = 1;
	classes = {
	};
	objectVersion = 77;
	objects = {

/* Begin PBXBuildFile section */
		56DCFDA32DBA1949009BAC42 /* SnapKit in Frameworks */ = {isa = PBXBuildFile; productRef = 56DCFDA22DBA1949009BAC42 /* SnapKit */; };
		56DCFDA62DBA195A009BAC42 /* Alamofire in Frameworks */ = {isa = PBXBuildFile; productRef = 56DCFDA52DBA195A009BAC42 /* Alamofire */; };
/* End PBXBuildFile section */

/* Begin PBXContainerItemProxy section */
		56DCFD842DBA18FA009BAC42 /* PBXContainerItemProxy */ = {
			isa = PBXContainerItemProxy;
			containerPortal = 56DCFD652DBA18F9009BAC42 /* Project object */;
			proxyType = 1;
			remoteGlobalIDString = 56DCFD6C2DBA18F9009BAC42;
			remoteInfo = poketMon;
		};
		56DCFD8E2DBA18FA009BAC42 /* PBXContainerItemProxy */ = {
			isa = PBXContainerItemProxy;
			containerPortal = 56DCFD652DBA18F9009BAC42 /* Project object */;
			proxyType = 1;
			remoteGlobalIDString = 56DCFD6C2DBA18F9009BAC42;
			remoteInfo = poketMon;
		};
/* End PBXContainerItemProxy section */

/* Begin PBXFileReference section */
		56DCFD6D2DBA18F9009BAC42 /* poketMon.app */ = {isa = PBXFileReference; explicitFileType = wrapper.application; includeInIndex = 0; path = poketMon.app; sourceTree = BUILT_PRODUCTS_DIR; };
		56DCFD832DBA18FA009BAC42 /* poketMonTests.xctest */ = {isa = PBXFileReference; explicitFileType = wrapper.cfbundle; includeInIndex = 0; path = poketMonTests.xctest; sourceTree = BUILT_PRODUCTS_DIR; };
		56DCFD8D2DBA18FA009BAC42 /* poketMonUITests.xctest */ = {isa = PBXFileReference; explicitFileType = wrapper.cfbundle; includeInIndex = 0; path = poketMonUITests.xctest; sourceTree = BUILT_PRODUCTS_DIR; };
/* End PBXFileReference section */

/* Begin PBXFileSystemSynchronizedBuildFileExceptionSet section */
		562713272DBF994400BC32CC /* Exceptions for "poketMon" folder in "poketMon" target */ = {
			isa = PBXFileSystemSynchronizedBuildFileExceptionSet;
			membershipExceptions = (
				Info.plist,
			);
			target = 56DCFD6C2DBA18F9009BAC42 /* poketMon */;
		};
/* End PBXFileSystemSynchronizedBuildFileExceptionSet section */

/* Begin PBXFileSystemSynchronizedRootGroup section */
		56DCFD6F2DBA18F9009BAC42 /* poketMon */ = {
			isa = PBXFileSystemSynchronizedRootGroup;
			exceptions = (
				562713272DBF994400BC32CC /* Exceptions for "poketMon" folder in "poketMon" target */,
			);
			path = poketMon;
			sourceTree = "<group>";
		};
/* End PBXFileSystemSynchronizedRootGroup section */

/* Begin PBXFrameworksBuildPhase section */
		56DCFD6A2DBA18F9009BAC42 /* Frameworks */ = {
			isa = PBXFrameworksBuildPhase;
			buildActionMask = 2147483647;
			files = (
				56DCFDA32DBA1949009BAC42 /* SnapKit in Frameworks */,
				56DCFDA62DBA195A009BAC42 /* Alamofire in Frameworks */,
			);
			runOnlyForDeploymentPostprocessing = 0;
		};
		56DCFD802DBA18FA009BAC42 /* Frameworks */ = {
			isa = PBXFrameworksBuildPhase;
			buildActionMask = 2147483647;
			files = (
			);
			runOnlyForDeploymentPostprocessing = 0;
		};
		56DCFD8A2DBA18FA009BAC42 /* Frameworks */ = {
			isa = PBXFrameworksBuildPhase;
			buildActionMask = 2147483647;
			files = (
			);
			runOnlyForDeploymentPostprocessing = 0;
		};
/* End PBXFrameworksBuildPhase section */

/* Begin PBXGroup section */
		56DCFD642DBA18F9009BAC42 = {
			isa = PBXGroup;
			children = (
				56DCFD6F2DBA18F9009BAC42 /* poketMon */,
				56DCFD6E2DBA18F9009BAC42 /* Products */,
			);
			sourceTree = "<group>";
		};
		56DCFD6E2DBA18F9009BAC42 /* Products */ = {
			isa = PBXGroup;
			children = (
				56DCFD6D2DBA18F9009BAC42 /* poketMon.app */,
				56DCFD832DBA18FA009BAC42 /* poketMonTests.xctest */,
				56DCFD8D2DBA18FA009BAC42 /* poketMonUITests.xctest */,
			);
			name = Products;
			sourceTree = "<group>";
		};
/* End PBXGroup section */

/* Begin PBXNativeTarget section */
		56DCFD6C2DBA18F9009BAC42 /* poketMon */ = {
			isa = PBXNativeTarget;
			buildConfigurationList = 56DCFD962DBA18FA009BAC42 /* Build configuration list for PBXNativeTarget "poketMon" */;
			buildPhases = (
				56DCFD692DBA18F9009BAC42 /* Sources */,
				56DCFD6A2DBA18F9009BAC42 /* Frameworks */,
				56DCFD6B2DBA18F9009BAC42 /* Resources */,
			);
			buildRules = (
			);
			dependencies = (
			);
			fileSystemSynchronizedGroups = (
				56DCFD6F2DBA18F9009BAC42 /* poketMon */,
			);
			name = poketMon;
			packageProductDependencies = (
				56DCFDA22DBA1949009BAC42 /* SnapKit */,
				56DCFDA52DBA195A009BAC42 /* Alamofire */,
			);
			productName = poketMon;
			productReference = 56DCFD6D2DBA18F9009BAC42 /* poketMon.app */;
			productType = "com.apple.product-type.application";
		};
		56DCFD822DBA18FA009BAC42 /* poketMonTests */ = {
			isa = PBXNativeTarget;
			buildConfigurationList = 56DCFD9B2DBA18FA009BAC42 /* Build configuration list for PBXNativeTarget "poketMonTests" */;
			buildPhases = (
				56DCFD7F2DBA18FA009BAC42 /* Sources */,
				56DCFD802DBA18FA009BAC42 /* Frameworks */,
				56DCFD812DBA18FA009BAC42 /* Resources */,
			);
			buildRules = (
			);
			dependencies = (
				56DCFD852DBA18FA009BAC42 /* PBXTargetDependency */,
			);
			name = poketMonTests;
			packageProductDependencies = (
			);
			productName = poketMonTests;
			productReference = 56DCFD832DBA18FA009BAC42 /* poketMonTests.xctest */;
			productType = "com.apple.product-type.bundle.unit-test";
		};
		56DCFD8C2DBA18FA009BAC42 /* poketMonUITests */ = {
			isa = PBXNativeTarget;
			buildConfigurationList = 56DCFD9E2DBA18FA009BAC42 /* Build configuration list for PBXNativeTarget "poketMonUITests" */;
			buildPhases = (
				56DCFD892DBA18FA009BAC42 /* Sources */,
				56DCFD8A2DBA18FA009BAC42 /* Frameworks */,
				56DCFD8B2DBA18FA009BAC42 /* Resources */,
			);
			buildRules = (
			);
			dependencies = (
				56DCFD8F2DBA18FA009BAC42 /* PBXTargetDependency */,
			);
			name = poketMonUITests;
			packageProductDependencies = (
			);
			productName = poketMonUITests;
			productReference = 56DCFD8D2DBA18FA009BAC42 /* poketMonUITests.xctest */;
			productType = "com.apple.product-type.bundle.ui-testing";
		};
/* End PBXNativeTarget section */

/* Begin PBXProject section */
		56DCFD652DBA18F9009BAC42 /* Project object */ = {
			isa = PBXProject;
			attributes = {
				BuildIndependentTargetsInParallel = 1;
				LastSwiftUpdateCheck = 1620;
				LastUpgradeCheck = 1620;
				TargetAttributes = {
					56DCFD6C2DBA18F9009BAC42 = {
						CreatedOnToolsVersion = 16.2;
					};
					56DCFD822DBA18FA009BAC42 = {
						CreatedOnToolsVersion = 16.2;
						TestTargetID = 56DCFD6C2DBA18F9009BAC42;
					};
					56DCFD8C2DBA18FA009BAC42 = {
						CreatedOnToolsVersion = 16.2;
						TestTargetID = 56DCFD6C2DBA18F9009BAC42;
					};
				};
			};
			buildConfigurationList = 56DCFD682DBA18F9009BAC42 /* Build configuration list for PBXProject "poketMon" */;
			developmentRegion = en;
			hasScannedForEncodings = 0;
			knownRegions = (
				en,
				Base,
			);
			mainGroup = 56DCFD642DBA18F9009BAC42;
			minimizedProjectReferenceProxies = 1;
			packageReferences = (
				56DCFDA12DBA1949009BAC42 /* XCRemoteSwiftPackageReference "SnapKit" */,
				56DCFDA42DBA195A009BAC42 /* XCRemoteSwiftPackageReference "Alamofire" */,
			);
			preferredProjectObjectVersion = 77;
			productRefGroup = 56DCFD6E2DBA18F9009BAC42 /* Products */;
			projectDirPath = "";
			projectRoot = "";
			targets = (
				56DCFD6C2DBA18F9009BAC42 /* poketMon */,
				56DCFD822DBA18FA009BAC42 /* poketMonTests */,
				56DCFD8C2DBA18FA009BAC42 /* poketMonUITests */,
			);
		};
/* End PBXProject section */

/* Begin PBXResourcesBuildPhase section */
		56DCFD6B2DBA18F9009BAC42 /* Resources */ = {
			isa = PBXResourcesBuildPhase;
			buildActionMask = 2147483647;
			files = (
			);
			runOnlyForDeploymentPostprocessing = 0;
		};
		56DCFD812DBA18FA009BAC42 /* Resources */ = {
			isa = PBXResourcesBuildPhase;
			buildActionMask = 2147483647;
			files = (
			);
			runOnlyForDeploymentPostprocessing = 0;
		};
		56DCFD8B2DBA18FA009BAC42 /* Resources */ = {
			isa = PBXResourcesBuildPhase;
			buildActionMask = 2147483647;
			files = (
			);
			runOnlyForDeploymentPostprocessing = 0;
		};
/* End PBXResourcesBuildPhase section */

/* Begin PBXSourcesBuildPhase section */
		56DCFD692DBA18F9009BAC42 /* Sources */ = {
			isa = PBXSourcesBuildPhase;
			buildActionMask = 2147483647;
			files = (
			);
			runOnlyForDeploymentPostprocessing = 0;
		};
		56DCFD7F2DBA18FA009BAC42 /* Sources */ = {
			isa = PBXSourcesBuildPhase;
			buildActionMask = 2147483647;
			files = (
			);
			runOnlyForDeploymentPostprocessing = 0;
		};
		56DCFD892DBA18FA009BAC42 /* Sources */ = {
			isa = PBXSourcesBuildPhase;
			buildActionMask = 2147483647;
			files = (
			);
			runOnlyForDeploymentPostprocessing = 0;
		};
/* End PBXSourcesBuildPhase section */

/* Begin PBXTargetDependency section */
		56DCFD852DBA18FA009BAC42 /* PBXTargetDependency */ = {
			isa = PBXTargetDependency;
			target = 56DCFD6C2DBA18F9009BAC42 /* poketMon */;
			targetProxy = 56DCFD842DBA18FA009BAC42 /* PBXContainerItemProxy */;
		};
		56DCFD8F2DBA18FA009BAC42 /* PBXTargetDependency */ = {
			isa = PBXTargetDependency;
			target = 56DCFD6C2DBA18F9009BAC42 /* poketMon */;
			targetProxy = 56DCFD8E2DBA18FA009BAC42 /* PBXContainerItemProxy */;
		};
/* End PBXTargetDependency section */

/* Begin XCBuildConfiguration section */
		56DCFD972DBA18FA009BAC42 /* Debug */ = {
			isa = XCBuildConfiguration;
			buildSettings = {
				ASSETCATALOG_COMPILER_APPICON_NAME = AppIcon;
				ASSETCATALOG_COMPILER_GLOBAL_ACCENT_COLOR_NAME = AccentColor;
				CODE_SIGN_STYLE = Automatic;
				CURRENT_PROJECT_VERSION = 1;
				GENERATE_INFOPLIST_FILE = YES;
				INFOPLIST_FILE = poketMon/Info.plist;
				INFOPLIST_KEY_UIApplicationSupportsIndirectInputEvents = YES;
				INFOPLIST_KEY_UILaunchStoryboardName = LaunchScreen;
				INFOPLIST_KEY_UISupportedInterfaceOrientations_iPad = "UIInterfaceOrientationPortrait UIInterfaceOrientationPortraitUpsideDown UIInterfaceOrientationLandscapeLeft UIInterfaceOrientationLandscapeRight";
				INFOPLIST_KEY_UISupportedInterfaceOrientations_iPhone = "UIInterfaceOrientationPortrait UIInterfaceOrientationLandscapeLeft UIInterfaceOrientationLandscapeRight";
				LD_RUNPATH_SEARCH_PATHS = (
					"$(inherited)",
					"@executable_path/Frameworks",
				);
				MARKETING_VERSION = 1.0;
				PRODUCT_BUNDLE_IDENTIFIER = com.sophie.poketMon;
				PRODUCT_NAME = "$(TARGET_NAME)";
				SWIFT_EMIT_LOC_STRINGS = YES;
				SWIFT_VERSION = 5.0;
				TARGETED_DEVICE_FAMILY = "1,2";
			};
			name = Debug;
		};
		56DCFD982DBA18FA009BAC42 /* Release */ = {
			isa = XCBuildConfiguration;
			buildSettings = {
				ASSETCATALOG_COMPILER_APPICON_NAME = AppIcon;
				ASSETCATALOG_COMPILER_GLOBAL_ACCENT_COLOR_NAME = AccentColor;
				CODE_SIGN_STYLE = Automatic;
				CURRENT_PROJECT_VERSION = 1;
				GENERATE_INFOPLIST_FILE = YES;
				INFOPLIST_FILE = poketMon/Info.plist;
				INFOPLIST_KEY_UIApplicationSupportsIndirectInputEvents = YES;
				INFOPLIST_KEY_UILaunchStoryboardName = LaunchScreen;
				INFOPLIST_KEY_UISupportedInterfaceOrientations_iPad = "UIInterfaceOrientationPortrait UIInterfaceOrientationPortraitUpsideDown UIInterfaceOrientationLandscapeLeft UIInterfaceOrientationLandscapeRight";
				INFOPLIST_KEY_UISupportedInterfaceOrientations_iPhone = "UIInterfaceOrientationPortrait UIInterfaceOrientationLandscapeLeft UIInterfaceOrientationLandscapeRight";
				LD_RUNPATH_SEARCH_PATHS = (
					"$(inherited)",
					"@executable_path/Frameworks",
				);
				MARKETING_VERSION = 1.0;
				PRODUCT_BUNDLE_IDENTIFIER = com.sophie.poketMon;
				PRODUCT_NAME = "$(TARGET_NAME)";
				SWIFT_EMIT_LOC_STRINGS = YES;
				SWIFT_VERSION = 5.0;
				TARGETED_DEVICE_FAMILY = "1,2";
			};
			name = Release;
		};
		56DCFD992DBA18FA009BAC42 /* Debug */ = {
			isa = XCBuildConfiguration;
			buildSettings = {
				ALWAYS_SEARCH_USER_PATHS = NO;
				ASSETCATALOG_COMPILER_GENERATE_SWIFT_ASSET_SYMBOL_EXTENSIONS = YES;
				CLANG_ANALYZER_NONNULL = YES;
				CLANG_ANALYZER_NUMBER_OBJECT_CONVERSION = YES_AGGRESSIVE;
				CLANG_CXX_LANGUAGE_STANDARD = "gnu++20";
				CLANG_ENABLE_MODULES = YES;
				CLANG_ENABLE_OBJC_ARC = YES;
				CLANG_ENABLE_OBJC_WEAK = YES;
				CLANG_WARN_BLOCK_CAPTURE_AUTORELEASING = YES;
				CLANG_WARN_BOOL_CONVERSION = YES;
				CLANG_WARN_COMMA = YES;
				CLANG_WARN_CONSTANT_CONVERSION = YES;
				CLANG_WARN_DEPRECATED_OBJC_IMPLEMENTATIONS = YES;
				CLANG_WARN_DIRECT_OBJC_ISA_USAGE = YES_ERROR;
				CLANG_WARN_DOCUMENTATION_COMMENTS = YES;
				CLANG_WARN_EMPTY_BODY = YES;
				CLANG_WARN_ENUM_CONVERSION = YES;
				CLANG_WARN_INFINITE_RECURSION = YES;
				CLANG_WARN_INT_CONVERSION = YES;
				CLANG_WARN_NON_LITERAL_NULL_CONVERSION = YES;
				CLANG_WARN_OBJC_IMPLICIT_RETAIN_SELF = YES;
				CLANG_WARN_OBJC_LITERAL_CONVERSION = YES;
				CLANG_WARN_OBJC_ROOT_CLASS = YES_ERROR;
				CLANG_WARN_QUOTED_INCLUDE_IN_FRAMEWORK_HEADER = YES;
				CLANG_WARN_RANGE_LOOP_ANALYSIS = YES;
				CLANG_WARN_STRICT_PROTOTYPES = YES;
				CLANG_WARN_SUSPICIOUS_MOVE = YES;
				CLANG_WARN_UNGUARDED_AVAILABILITY = YES_AGGRESSIVE;
				CLANG_WARN_UNREACHABLE_CODE = YES;
				CLANG_WARN__DUPLICATE_METHOD_MATCH = YES;
				COPY_PHASE_STRIP = NO;
				DEBUG_INFORMATION_FORMAT = dwarf;
				ENABLE_STRICT_OBJC_MSGSEND = YES;
				ENABLE_TESTABILITY = YES;
				ENABLE_USER_SCRIPT_SANDBOXING = YES;
				GCC_C_LANGUAGE_STANDARD = gnu17;
				GCC_DYNAMIC_NO_PIC = NO;
				GCC_NO_COMMON_BLOCKS = YES;
				GCC_OPTIMIZATION_LEVEL = 0;
				GCC_PREPROCESSOR_DEFINITIONS = (
					"DEBUG=1",
					"$(inherited)",
				);
				GCC_WARN_64_TO_32_BIT_CONVERSION = YES;
				GCC_WARN_ABOUT_RETURN_TYPE = YES_ERROR;
				GCC_WARN_UNDECLARED_SELECTOR = YES;
				GCC_WARN_UNINITIALIZED_AUTOS = YES_AGGRESSIVE;
				GCC_WARN_UNUSED_FUNCTION = YES;
				GCC_WARN_UNUSED_VARIABLE = YES;
				IPHONEOS_DEPLOYMENT_TARGET = 18.2;
				LOCALIZATION_PREFERS_STRING_CATALOGS = YES;
				MTL_ENABLE_DEBUG_INFO = INCLUDE_SOURCE;
				MTL_FAST_MATH = YES;
				ONLY_ACTIVE_ARCH = YES;
				SDKROOT = iphoneos;
				SWIFT_ACTIVE_COMPILATION_CONDITIONS = "DEBUG $(inherited)";
				SWIFT_OPTIMIZATION_LEVEL = "-Onone";
			};
			name = Debug;
		};
		56DCFD9A2DBA18FA009BAC42 /* Release */ = {
			isa = XCBuildConfiguration;
			buildSettings = {
				ALWAYS_SEARCH_USER_PATHS = NO;
				ASSETCATALOG_COMPILER_GENERATE_SWIFT_ASSET_SYMBOL_EXTENSIONS = YES;
				CLANG_ANALYZER_NONNULL = YES;
				CLANG_ANALYZER_NUMBER_OBJECT_CONVERSION = YES_AGGRESSIVE;
				CLANG_CXX_LANGUAGE_STANDARD = "gnu++20";
				CLANG_ENABLE_MODULES = YES;
				CLANG_ENABLE_OBJC_ARC = YES;
				CLANG_ENABLE_OBJC_WEAK = YES;
				CLANG_WARN_BLOCK_CAPTURE_AUTORELEASING = YES;
				CLANG_WARN_BOOL_CONVERSION = YES;
				CLANG_WARN_COMMA = YES;
				CLANG_WARN_CONSTANT_CONVERSION = YES;
				CLANG_WARN_DEPRECATED_OBJC_IMPLEMENTATIONS = YES;
				CLANG_WARN_DIRECT_OBJC_ISA_USAGE = YES_ERROR;
				CLANG_WARN_DOCUMENTATION_COMMENTS = YES;
				CLANG_WARN_EMPTY_BODY = YES;
				CLANG_WARN_ENUM_CONVERSION = YES;
				CLANG_WARN_INFINITE_RECURSION = YES;
				CLANG_WARN_INT_CONVERSION = YES;
				CLANG_WARN_NON_LITERAL_NULL_CONVERSION = YES;
				CLANG_WARN_OBJC_IMPLICIT_RETAIN_SELF = YES;
				CLANG_WARN_OBJC_LITERAL_CONVERSION = YES;
				CLANG_WARN_OBJC_ROOT_CLASS = YES_ERROR;
				CLANG_WARN_QUOTED_INCLUDE_IN_FRAMEWORK_HEADER = YES;
				CLANG_WARN_RANGE_LOOP_ANALYSIS = YES;
				CLANG_WARN_STRICT_PROTOTYPES = YES;
				CLANG_WARN_SUSPICIOUS_MOVE = YES;
				CLANG_WARN_UNGUARDED_AVAILABILITY = YES_AGGRESSIVE;
				CLANG_WARN_UNREACHABLE_CODE = YES;
				CLANG_WARN__DUPLICATE_METHOD_MATCH = YES;
				COPY_PHASE_STRIP = NO;
				DEBUG_INFORMATION_FORMAT = "dwarf-with-dsym";
				ENABLE_NS_ASSERTIONS = NO;
				ENABLE_STRICT_OBJC_MSGSEND = YES;
				ENABLE_USER_SCRIPT_SANDBOXING = YES;
				GCC_C_LANGUAGE_STANDARD = gnu17;
				GCC_NO_COMMON_BLOCKS = YES;
				GCC_WARN_64_TO_32_BIT_CONVERSION = YES;
				GCC_WARN_ABOUT_RETURN_TYPE = YES_ERROR;
				GCC_WARN_UNDECLARED_SELECTOR = YES;
				GCC_WARN_UNINITIALIZED_AUTOS = YES_AGGRESSIVE;
				GCC_WARN_UNUSED_FUNCTION = YES;
				GCC_WARN_UNUSED_VARIABLE = YES;
				IPHONEOS_DEPLOYMENT_TARGET = 18.2;
				LOCALIZATION_PREFERS_STRING_CATALOGS = YES;
				MTL_ENABLE_DEBUG_INFO = NO;
				MTL_FAST_MATH = YES;
				SDKROOT = iphoneos;
				SWIFT_COMPILATION_MODE = wholemodule;
				VALIDATE_PRODUCT = YES;
			};
			name = Release;
		};
		56DCFD9C2DBA18FA009BAC42 /* Debug */ = {
			isa = XCBuildConfiguration;
			buildSettings = {
				BUNDLE_LOADER = "$(TEST_HOST)";
				CODE_SIGN_STYLE = Automatic;
				CURRENT_PROJECT_VERSION = 1;
				GENERATE_INFOPLIST_FILE = YES;
				IPHONEOS_DEPLOYMENT_TARGET = 18.2;
				MARKETING_VERSION = 1.0;
				PRODUCT_BUNDLE_IDENTIFIER = com.sophie.poketMonTests;
				PRODUCT_NAME = "$(TARGET_NAME)";
				SWIFT_EMIT_LOC_STRINGS = NO;
				SWIFT_VERSION = 5.0;
				TARGETED_DEVICE_FAMILY = "1,2";
				TEST_HOST = "$(BUILT_PRODUCTS_DIR)/poketMon.app/$(BUNDLE_EXECUTABLE_FOLDER_PATH)/poketMon";
			};
			name = Debug;
		};
		56DCFD9D2DBA18FA009BAC42 /* Release */ = {
			isa = XCBuildConfiguration;
			buildSettings = {
				BUNDLE_LOADER = "$(TEST_HOST)";
				CODE_SIGN_STYLE = Automatic;
				CURRENT_PROJECT_VERSION = 1;
				GENERATE_INFOPLIST_FILE = YES;
				IPHONEOS_DEPLOYMENT_TARGET = 18.2;
				MARKETING_VERSION = 1.0;
				PRODUCT_BUNDLE_IDENTIFIER = com.sophie.poketMonTests;
				PRODUCT_NAME = "$(TARGET_NAME)";
				SWIFT_EMIT_LOC_STRINGS = NO;
				SWIFT_VERSION = 5.0;
				TARGETED_DEVICE_FAMILY = "1,2";
				TEST_HOST = "$(BUILT_PRODUCTS_DIR)/poketMon.app/$(BUNDLE_EXECUTABLE_FOLDER_PATH)/poketMon";
			};
			name = Release;
		};
		56DCFD9F2DBA18FA009BAC42 /* Debug */ = {
			isa = XCBuildConfiguration;
			buildSettings = {
				CODE_SIGN_STYLE = Automatic;
				CURRENT_PROJECT_VERSION = 1;
				GENERATE_INFOPLIST_FILE = YES;
				MARKETING_VERSION = 1.0;
				PRODUCT_BUNDLE_IDENTIFIER = com.sophie.poketMonUITests;
				PRODUCT_NAME = "$(TARGET_NAME)";
				SWIFT_EMIT_LOC_STRINGS = NO;
				SWIFT_VERSION = 5.0;
				TARGETED_DEVICE_FAMILY = "1,2";
				TEST_TARGET_NAME = poketMon;
			};
			name = Debug;
		};
		56DCFDA02DBA18FA009BAC42 /* Release */ = {
			isa = XCBuildConfiguration;
			buildSettings = {
				CODE_SIGN_STYLE = Automatic;
				CURRENT_PROJECT_VERSION = 1;
				GENERATE_INFOPLIST_FILE = YES;
				MARKETING_VERSION = 1.0;
				PRODUCT_BUNDLE_IDENTIFIER = com.sophie.poketMonUITests;
				PRODUCT_NAME = "$(TARGET_NAME)";
				SWIFT_EMIT_LOC_STRINGS = NO;
				SWIFT_VERSION = 5.0;
				TARGETED_DEVICE_FAMILY = "1,2";
				TEST_TARGET_NAME = poketMon;
			};
			name = Release;
		};
/* End XCBuildConfiguration section */

/* Begin XCConfigurationList section */
		56DCFD682DBA18F9009BAC42 /* Build configuration list for PBXProject "poketMon" */ = {
			isa = XCConfigurationList;
			buildConfigurations = (
				56DCFD992DBA18FA009BAC42 /* Debug */,
				56DCFD9A2DBA18FA009BAC42 /* Release */,
			);
			defaultConfigurationIsVisible = 0;
			defaultConfigurationName = Release;
		};
		56DCFD962DBA18FA009BAC42 /* Build configuration list for PBXNativeTarget "poketMon" */ = {
			isa = XCConfigurationList;
			buildConfigurations = (
				56DCFD972DBA18FA009BAC42 /* Debug */,
				56DCFD982DBA18FA009BAC42 /* Release */,
			);
			defaultConfigurationIsVisible = 0;
			defaultConfigurationName = Release;
		};
		56DCFD9B2DBA18FA009BAC42 /* Build configuration list for PBXNativeTarget "poketMonTests" */ = {
			isa = XCConfigurationList;
			buildConfigurations = (
				56DCFD9C2DBA18FA009BAC42 /* Debug */,
				56DCFD9D2DBA18FA009BAC42 /* Release */,
			);
			defaultConfigurationIsVisible = 0;
			defaultConfigurationName = Release;
		};
		56DCFD9E2DBA18FA009BAC42 /* Build configuration list for PBXNativeTarget "poketMonUITests" */ = {
			isa = XCConfigurationList;
			buildConfigurations = (
				56DCFD9F2DBA18FA009BAC42 /* Debug */,
				56DCFDA02DBA18FA009BAC42 /* Release */,
			);
			defaultConfigurationIsVisible = 0;
			defaultConfigurationName = Release;
		};
/* End XCConfigurationList section */

/* Begin XCRemoteSwiftPackageReference section */
		56DCFDA12DBA1949009BAC42 /* XCRemoteSwiftPackageReference "SnapKit" */ = {
			isa = XCRemoteSwiftPackageReference;
			repositoryURL = "https://github.com/SnapKit/SnapKit.git";
			requirement = {
				kind = upToNextMajorVersion;
				minimumVersion = 5.7.1;
			};
		};
		56DCFDA42DBA195A009BAC42 /* XCRemoteSwiftPackageReference "Alamofire" */ = {
			isa = XCRemoteSwiftPackageReference;
			repositoryURL = "https://github.com/Alamofire/Alamofire";
			requirement = {
				kind = upToNextMajorVersion;
				minimumVersion = 5.10.2;
			};
		};
/* End XCRemoteSwiftPackageReference section */

/* Begin XCSwiftPackageProductDependency section */
		56DCFDA22DBA1949009BAC42 /* SnapKit */ = {
			isa = XCSwiftPackageProductDependency;
			package = 56DCFDA12DBA1949009BAC42 /* XCRemoteSwiftPackageReference "SnapKit" */;
			productName = SnapKit;
		};
		56DCFDA52DBA195A009BAC42 /* Alamofire */ = {
			isa = XCSwiftPackageProductDependency;
			package = 56DCFDA42DBA195A009BAC42 /* XCRemoteSwiftPackageReference "Alamofire" */;
			productName = Alamofire;
		};
/* End XCSwiftPackageProductDependency section */
	};
	rootObject = 56DCFD652DBA18F9009BAC42 /* Project object */;
}
